
Microsoft Visual Studio Solution File, Format Version 12.00
# Visual Studio Version 16
VisualStudioVersion = 16.0.30517.126
MinimumVisualStudioVersion = 10.0.40219.1
Project("{FAE04EC0-301F-11D3-BF4B-00C04F79EFBC}") = "CommandGame", "CommandGame\CommandGame.csproj", "{BCF3BD6F-4C50-4FB4-BF1B-7DE2281CE454}"
EndProject
Global
	GlobalSection(SolutionConfigurationPlatforms) = preSolution
		Debug|Any CPU = Debug|Any CPU
		Release|Any CPU = Release|Any CPU
	EndGlobalSection
	GlobalSection(ProjectConfigurationPlatforms) = postSolution
		{BCF3BD6F-4C50-4FB4-BF1B-7DE2281CE454}.Debug|Any CPU.ActiveCfg = Debug|Any CPU
		{BCF3BD6F-4C50-4FB4-BF1B-7DE2281CE454}.Debug|Any CPU.Build.0 = Debug|Any CPU
		{BCF3BD6F-4C50-4FB4-BF1B-7DE2281CE454}.Release|Any CPU.ActiveCfg = Release|Any CPU
		{BCF3BD6F-4C50-4FB4-BF1B-7DE2281CE454}.Release|Any CPU.Build.0 = Release|Any CPU
	EndGlobalSection
	GlobalSection(SolutionProperties) = preSolution
		HideSolutionNode = FALSE
	EndGlobalSection
	GlobalSection(ExtensibilityGlobals) = postSolution
		SolutionGuid = {50A19417-D5F3-4718-8AF3-6FBC8BBA2473}
	EndGlobalSection
EndGlobal
